
Microsoft Visual Studio Solution File, Format Version 12.00
# Visual Studio 15
Project("{FAE04EC0-301F-11D3-BF4B-00C04F79EFBC}") = "Assembly-CSharp", "Assembly-CSharp.csproj", "{30DF210D-96F6-30AE-7168-025B16B2E980}"
EndProject
Project("{FAE04EC0-301F-11D3-BF4B-00C04F79EFBC}") = "Assembly-CSharp-Editor", "Assembly-CSharp-Editor.csproj", "{0EF52EE1-3F29-BC5F-214A-7A27996FCAEF}"
EndProject
Global
	GlobalSection(SolutionConfigurationPlatforms) = preSolution
		Debug|Any CPU = Debug|Any CPU
		Release|Any CPU = Release|Any CPU
	EndGlobalSection
	GlobalSection(ProjectConfigurationPlatforms) = postSolution
		{30DF210D-96F6-30AE-7168-025B16B2E980}.Debug|Any CPU.ActiveCfg = Debug|Any CPU
		{30DF210D-96F6-30AE-7168-025B16B2E980}.Debug|Any CPU.Build.0 = Debug|Any CPU
		{30DF210D-96F6-30AE-7168-025B16B2E980}.Release|Any CPU.ActiveCfg = Release|Any CPU
		{30DF210D-96F6-30AE-7168-025B16B2E980}.Release|Any CPU.Build.0 = Release|Any CPU
		{0EF52EE1-3F29-BC5F-214A-7A27996FCAEF}.Debug|Any CPU.ActiveCfg = Debug|Any CPU
		{0EF52EE1-3F29-BC5F-214A-7A27996FCAEF}.Debug|Any CPU.Build.0 = Debug|Any CPU
		{0EF52EE1-3F29-BC5F-214A-7A27996FCAEF}.Release|Any CPU.ActiveCfg = Release|Any CPU
		{0EF52EE1-3F29-BC5F-214A-7A27996FCAEF}.Release|Any CPU.Build.0 = Release|Any CPU
	EndGlobalSection
	GlobalSection(SolutionProperties) = preSolution
		HideSolutionNode = FALSE
	EndGlobalSection
EndGlobal
